
Microsoft Visual Studio Solution File, Format Version 12.00
# Visual Studio 15
VisualStudioVersion = 15.0.28307.1585
MinimumVisualStudioVersion = 10.0.40219.1
Project("{888888A0-9F3D-457C-B088-3A5042F75D52}") = "PythonApplication2page80", "PythonApplication2page80\PythonApplication2page80.pyproj", "{96BA1BD2-9B45-4F8D-AB5A-33A13BBE1862}"
EndProject
Project("{2150E333-8FDC-42A3-9474-1A3956D46DE8}") = "Solution Items", "Solution Items", "{7EFDE3F8-BB7A-47C0-A565-F1A0BBFC4249}"
	ProjectSection(SolutionItems) = preProject
		PythonApplication2page80\demofile2.txt = PythonApplication2page80\demofile2.txt
		Insert_name.bat = Insert_name.bat
		LibInstallation.bat = LibInstallation.bat
		PythonApplication2page80\ReferencesOnline.txt = PythonApplication2page80\ReferencesOnline.txt
	EndProjectSection
EndProject
Project("{888888A0-9F3D-457C-B088-3A5042F75D52}") = "PythonAppMachineLearning", "PythonAppMachineLearning\PythonAppMachineLearning.pyproj", "{C6E02E03-7E72-4D66-B4F7-FA361908D077}"
EndProject
Global
	GlobalSection(SolutionConfigurationPlatforms) = preSolution
		Debug|Any CPU = Debug|Any CPU
		Release|Any CPU = Release|Any CPU
	EndGlobalSection
	GlobalSection(ProjectConfigurationPlatforms) = postSolution
		{96BA1BD2-9B45-4F8D-AB5A-33A13BBE1862}.Debug|Any CPU.ActiveCfg = Debug|Any CPU
		{96BA1BD2-9B45-4F8D-AB5A-33A13BBE1862}.Release|Any CPU.ActiveCfg = Release|Any CPU
		{C6E02E03-7E72-4D66-B4F7-FA361908D077}.Debug|Any CPU.ActiveCfg = Debug|Any CPU
		{C6E02E03-7E72-4D66-B4F7-FA361908D077}.Release|Any CPU.ActiveCfg = Release|Any CPU
	EndGlobalSection
	GlobalSection(SolutionProperties) = preSolution
		HideSolutionNode = FALSE
	EndGlobalSection
	GlobalSection(ExtensibilityGlobals) = postSolution
		SolutionGuid = {AE1343B6-1556-41E5-92EA-3B8C5D90CF8E}
	EndGlobalSection
EndGlobal
